
Microsoft Visual Studio Solution File, Format Version 12.00
# Visual Studio Version 17
VisualStudioVersion = 17.7.34202.233
MinimumVisualStudioVersion = 10.0.40219.1
Project("{FAE04EC0-301F-11D3-BF4B-00C04F79EFBC}") = "Telefonkonyv_WPF", "Telefonkonyv_WPF\Telefonkonyv_WPF.csproj", "{07CAA64E-4172-4017-9F5D-6D9DAE7E1FD4}"
EndProject
Global
	GlobalSection(SolutionConfigurationPlatforms) = preSolution
		Debug|Any CPU = Debug|Any CPU
		Release|Any CPU = Release|Any CPU
	EndGlobalSection
	GlobalSection(ProjectConfigurationPlatforms) = postSolution
		{07CAA64E-4172-4017-9F5D-6D9DAE7E1FD4}.Debug|Any CPU.ActiveCfg = Debug|Any CPU
		{07CAA64E-4172-4017-9F5D-6D9DAE7E1FD4}.Debug|Any CPU.Build.0 = Debug|Any CPU
		{07CAA64E-4172-4017-9F5D-6D9DAE7E1FD4}.Release|Any CPU.ActiveCfg = Release|Any CPU
		{07CAA64E-4172-4017-9F5D-6D9DAE7E1FD4}.Release|Any CPU.Build.0 = Release|Any CPU
	EndGlobalSection
	GlobalSection(SolutionProperties) = preSolution
		HideSolutionNode = FALSE
	EndGlobalSection
	GlobalSection(ExtensibilityGlobals) = postSolution
		SolutionGuid = {7C28EF7D-C3D9-4194-80CB-42685D0C9107}
	EndGlobalSection
EndGlobal
